// !$*UTF8*$!
{
	archiveVersion = 1;
	classes = {
	};
	objectVersion = 50;
	objects = {

/* Begin PBXBuildFile section */
		AB38F45526A7F5420025794A /* AppDelegate.swift in Sources */ = {isa = PBXBuildFile; fileRef = AB38F45426A7F5420025794A /* AppDelegate.swift */; };
		AB38F45726A7F5420025794A /* SceneDelegate.swift in Sources */ = {isa = PBXBuildFile; fileRef = AB38F45626A7F5420025794A /* SceneDelegate.swift */; };
		AB38F45C26A7F5420025794A /* Main.storyboard in Resources */ = {isa = PBXBuildFile; fileRef = AB38F45A26A7F5420025794A /* Main.storyboard */; };
		AB38F45E26A7F5440025794A /* Assets.xcassets in Resources */ = {isa = PBXBuildFile; fileRef = AB38F45D26A7F5440025794A /* Assets.xcassets */; };
		AB38F46126A7F5440025794A /* LaunchScreen.storyboard in Resources */ = {isa = PBXBuildFile; fileRef = AB38F45F26A7F5440025794A /* LaunchScreen.storyboard */; };
		AB38F46E26A7F6C10025794A /* MainTableViewController.swift in Sources */ = {isa = PBXBuildFile; fileRef = AB38F46D26A7F6C10025794A /* MainTableViewController.swift */; };
		AB38F47126A7F6D80025794A /* ContactTableViewCell.swift in Sources */ = {isa = PBXBuildFile; fileRef = AB38F47026A7F6D80025794A /* ContactTableViewCell.swift */; };
/* End PBXBuildFile section */

/* Begin PBXFileReference section */
		AB38F45126A7F5420025794A /* CustomContactList.app */ = {isa = PBXFileReference; explicitFileType = wrapper.application; includeInIndex = 0; path = CustomContactList.app; sourceTree = BUILT_PRODUCTS_DIR; };
		AB38F45426A7F5420025794A /* AppDelegate.swift */ = {isa = PBXFileReference; lastKnownFileType = sourcecode.swift; path = AppDelegate.swift; sourceTree = "<group>"; };
		AB38F45626A7F5420025794A /* SceneDelegate.swift */ = {isa = PBXFileReference; lastKnownFileType = sourcecode.swift; path = SceneDelegate.swift; sourceTree = "<group>"; };
		AB38F45B26A7F5420025794A /* Base */ = {isa = PBXFileReference; lastKnownFileType = file.storyboard; name = Base; path = Base.lproj/Main.storyboard; sourceTree = "<group>"; };
		AB38F45D26A7F5440025794A /* Assets.xcassets */ = {isa = PBXFileReference; lastKnownFileType = folder.assetcatalog; path = Assets.xcassets; sourceTree = "<group>"; };
		AB38F46026A7F5440025794A /* Base */ = {isa = PBXFileReference; lastKnownFileType = file.storyboard; name = Base; path = Base.lproj/LaunchScreen.storyboard; sourceTree = "<group>"; };
		AB38F46226A7F5440025794A /* Info.plist */ = {isa = PBXFileReference; lastKnownFileType = text.plist.xml; path = Info.plist; sourceTree = "<group>"; };
		AB38F46D26A7F6C10025794A /* MainTableViewController.swift */ = {isa = PBXFileReference; lastKnownFileType = sourcecode.swift; path = MainTableViewController.swift; sourceTree = "<group>"; };
		AB38F47026A7F6D80025794A /* ContactTableViewCell.swift */ = {isa = PBXFileReference; lastKnownFileType = sourcecode.swift; path = ContactTableViewCell.swift; sourceTree = "<group>"; };
/* End PBXFileReference section */

/* Begin PBXFrameworksBuildPhase section */
		AB38F44E26A7F5420025794A /* Frameworks */ = {
			isa = PBXFrameworksBuildPhase;
			buildActionMask = 2147483647;
			files = (
			);
			runOnlyForDeploymentPostprocessing = 0;
		};
/* End PBXFrameworksBuildPhase section */

/* Begin PBXGroup section */
		AB38F44826A7F5420025794A = {
			isa = PBXGroup;
			children = (
				AB38F45326A7F5420025794A /* CustomContactList */,
				AB38F45226A7F5420025794A /* Products */,
			);
			sourceTree = "<group>";
		};
		AB38F45226A7F5420025794A /* Products */ = {
			isa = PBXGroup;
			children = (
				AB38F45126A7F5420025794A /* CustomContactList.app */,
			);
			name = Products;
			sourceTree = "<group>";
		};
		AB38F45326A7F5420025794A /* CustomContactList */ = {
			isa = PBXGroup;
			children = (
				AB38F45426A7F5420025794A /* AppDelegate.swift */,
				AB38F45626A7F5420025794A /* SceneDelegate.swift */,
				AB38F47326A80B990025794A /* Controllers */,
				AB38F46A26A7F6620025794A /* View */,
				AB38F45D26A7F5440025794A /* Assets.xcassets */,
				AB38F46226A7F5440025794A /* Info.plist */,
			);
			path = CustomContactList;
			sourceTree = "<group>";
		};
		AB38F46A26A7F6620025794A /* View */ = {
			isa = PBXGroup;
			children = (
				AB38F45A26A7F5420025794A /* Main.storyboard */,
				AB38F45F26A7F5440025794A /* LaunchScreen.storyboard */,
			);
			path = View;
			sourceTree = "<group>";
		};
		AB38F47326A80B990025794A /* Controllers */ = {
			isa = PBXGroup;
			children = (
				AB38F46D26A7F6C10025794A /* MainTableViewController.swift */,
				AB38F47026A7F6D80025794A /* ContactTableViewCell.swift */,
			);
			path = Controllers;
			sourceTree = "<group>";
		};
/* End PBXGroup section */

/* Begin PBXNativeTarget section */
		AB38F45026A7F5420025794A /* CustomContactList */ = {
			isa = PBXNativeTarget;
			buildConfigurationList = AB38F46526A7F5440025794A /* Build configuration list for PBXNativeTarget "CustomContactList" */;
			buildPhases = (
				AB38F44D26A7F5420025794A /* Sources */,
				AB38F44E26A7F5420025794A /* Frameworks */,
				AB38F44F26A7F5420025794A /* Resources */,
			);
			buildRules = (
			);
			dependencies = (
			);
			name = CustomContactList;
			productName = CustomContactList;
			productReference = AB38F45126A7F5420025794A /* CustomContactList.app */;
			productType = "com.apple.product-type.application";
		};
/* End PBXNativeTarget section */

/* Begin PBXProject section */
		AB38F44926A7F5420025794A /* Project object */ = {
			isa = PBXProject;
			attributes = {
				LastSwiftUpdateCheck = 1240;
				LastUpgradeCheck = 1240;
				TargetAttributes = {
					AB38F45026A7F5420025794A = {
						CreatedOnToolsVersion = 12.4;
					};
				};
			};
			buildConfigurationList = AB38F44C26A7F5420025794A /* Build configuration list for PBXProject "CustomContactList" */;
			compatibilityVersion = "Xcode 9.3";
			developmentRegion = en;
			hasScannedForEncodings = 0;
			knownRegions = (
				en,
				Base,
			);
			mainGroup = AB38F44826A7F5420025794A;
			productRefGroup = AB38F45226A7F5420025794A /* Products */;
			projectDirPath = "";
			projectRoot = "";
			targets = (
				AB38F45026A7F5420025794A /* CustomContactList */,
			);
		};
/* End PBXProject section */

/* Begin PBXResourcesBuildPhase section */
		AB38F44F26A7F5420025794A /* Resources */ = {
			isa = PBXResourcesBuildPhase;
			buildActionMask = 2147483647;
			files = (
				AB38F46126A7F5440025794A /* LaunchScreen.storyboard in Resources */,
				AB38F45E26A7F5440025794A /* Assets.xcassets in Resources */,
				AB38F45C26A7F5420025794A /* Main.storyboard in Resources */,
			);
			runOnlyForDeploymentPostprocessing = 0;
		};
/* End PBXResourcesBuildPhase section */

/* Begin PBXSourcesBuildPhase section */
		AB38F44D26A7F5420025794A /* Sources */ = {
			isa = PBXSourcesBuildPhase;
			buildActionMask = 2147483647;
			files = (
				AB38F47126A7F6D80025794A /* ContactTableViewCell.swift in Sources */,
				AB38F45526A7F5420025794A /* AppDelegate.swift in Sources */,
				AB38F46E26A7F6C10025794A /* MainTableViewController.swift in Sources */,
				AB38F45726A7F5420025794A /* SceneDelegate.swift in Sources */,
			);
			runOnlyForDeploymentPostprocessing = 0;
		};
/* End PBXSourcesBuildPhase section */

/* Begin PBXVariantGroup section */
		AB38F45A26A7F5420025794A /* Main.storyboard */ = {
			isa = PBXVariantGroup;
			children = (
				AB38F45B26A7F5420025794A /* Base */,
			);
			name = Main.storyboard;
			sourceTree = "<group>";
		};
		AB38F45F26A7F5440025794A /* LaunchScreen.storyboard */ = {
			isa = PBXVariantGroup;
			children = (
				AB38F46026A7F5440025794A /* Base */,
			);
			name = LaunchScreen.storyboard;
			sourceTree = "<group>";
		};
/* End PBXVariantGroup section */

/* Begin XCBuildConfiguration section */
		AB38F46326A7F5440025794A /* Debug */ = {
			isa = XCBuildConfiguration;
			buildSettings = {
				ALWAYS_SEARCH_USER_PATHS = NO;
				CLANG_ANALYZER_NONNULL = YES;
				CLANG_ANALYZER_NUMBER_OBJECT_CONVERSION = YES_AGGRESSIVE;
				CLANG_CXX_LANGUAGE_STANDARD = "gnu++14";
				CLANG_CXX_LIBRARY = "libc++";
				CLANG_ENABLE_MODULES = YES;
				CLANG_ENABLE_OBJC_ARC = YES;
				CLANG_ENABLE_OBJC_WEAK = YES;
				CLANG_WARN_BLOCK_CAPTURE_AUTORELEASING = YES;
				CLANG_WARN_BOOL_CONVERSION = YES;
				CLANG_WARN_COMMA = YES;
				CLANG_WARN_CONSTANT_CONVERSION = YES;
				CLANG_WARN_DEPRECATED_OBJC_IMPLEMENTATIONS = YES;
				CLANG_WARN_DIRECT_OBJC_ISA_USAGE = YES_ERROR;
				CLANG_WARN_DOCUMENTATION_COMMENTS = YES;
				CLANG_WARN_EMPTY_BODY = YES;
				CLANG_WARN_ENUM_CONVERSION = YES;
				CLANG_WARN_INFINITE_RECURSION = YES;
				CLANG_WARN_INT_CONVERSION = YES;
				CLANG_WARN_NON_LITERAL_NULL_CONVERSION = YES;
				CLANG_WARN_OBJC_IMPLICIT_RETAIN_SELF = YES;
				CLANG_WARN_OBJC_LITERAL_CONVERSION = YES;
				CLANG_WARN_OBJC_ROOT_CLASS = YES_ERROR;
				CLANG_WARN_QUOTED_INCLUDE_IN_FRAMEWORK_HEADER = YES;
				CLANG_WARN_RANGE_LOOP_ANALYSIS = YES;
				CLANG_WARN_STRICT_PROTOTYPES = YES;
				CLANG_WARN_SUSPICIOUS_MOVE = YES;
				CLANG_WARN_UNGUARDED_AVAILABILITY = YES_AGGRESSIVE;
				CLANG_WARN_UNREACHABLE_CODE = YES;
				CLANG_WARN__DUPLICATE_METHOD_MATCH = YES;
				COPY_PHASE_STRIP = NO;
				DEBUG_INFORMATION_FORMAT = dwarf;
				ENABLE_STRICT_OBJC_MSGSEND = YES;
				ENABLE_TESTABILITY = YES;
				GCC_C_LANGUAGE_STANDARD = gnu11;
				GCC_DYNAMIC_NO_PIC = NO;
				GCC_NO_COMMON_BLOCKS = YES;
				GCC_OPTIMIZATION_LEVEL = 0;
				GCC_PREPROCESSOR_DEFINITIONS = (
					"DEBUG=1",
					"$(inherited)",
				);
				GCC_WARN_64_TO_32_BIT_CONVERSION = YES;
				GCC_WARN_ABOUT_RETURN_TYPE = YES_ERROR;
				GCC_WARN_UNDECLARED_SELECTOR = YES;
				GCC_WARN_UNINITIALIZED_AUTOS = YES_AGGRESSIVE;
				GCC_WARN_UNUSED_FUNCTION = YES;
				GCC_WARN_UNUSED_VARIABLE = YES;
				IPHONEOS_DEPLOYMENT_TARGET = 14.4;
				MTL_ENABLE_DEBUG_INFO = INCLUDE_SOURCE;
				MTL_FAST_MATH = YES;
				ONLY_ACTIVE_ARCH = YES;
				SDKROOT = iphoneos;
				SWIFT_ACTIVE_COMPILATION_CONDITIONS = DEBUG;
				SWIFT_OPTIMIZATION_LEVEL = "-Onone";
			};
			name = Debug;
		};
		AB38F46426A7F5440025794A /* Release */ = {
			isa = XCBuildConfiguration;
			buildSettings = {
				ALWAYS_SEARCH_USER_PATHS = NO;
				CLANG_ANALYZER_NONNULL = YES;
				CLANG_ANALYZER_NUMBER_OBJECT_CONVERSION = YES_AGGRESSIVE;
				CLANG_CXX_LANGUAGE_STANDARD = "gnu++14";
				CLANG_CXX_LIBRARY = "libc++";
				CLANG_ENABLE_MODULES = YES;
				CLANG_ENABLE_OBJC_ARC = YES;
				CLANG_ENABLE_OBJC_WEAK = YES;
				CLANG_WARN_BLOCK_CAPTURE_AUTORELEASING = YES;
				CLANG_WARN_BOOL_CONVERSION = YES;
				CLANG_WARN_COMMA = YES;
				CLANG_WARN_CONSTANT_CONVERSION = YES;
				CLANG_WARN_DEPRECATED_OBJC_IMPLEMENTATIONS = YES;
				CLANG_WARN_DIRECT_OBJC_ISA_USAGE = YES_ERROR;
				CLANG_WARN_DOCUMENTATION_COMMENTS = YES;
				CLANG_WARN_EMPTY_BODY = YES;
				CLANG_WARN_ENUM_CONVERSION = YES;
				CLANG_WARN_INFINITE_RECURSION = YES;
				CLANG_WARN_INT_CONVERSION = YES;
				CLANG_WARN_NON_LITERAL_NULL_CONVERSION = YES;
				CLANG_WARN_OBJC_IMPLICIT_RETAIN_SELF = YES;
				CLANG_WARN_OBJC_LITERAL_CONVERSION = YES;
				CLANG_WARN_OBJC_ROOT_CLASS = YES_ERROR;
				CLANG_WARN_QUOTED_INCLUDE_IN_FRAMEWORK_HEADER = YES;
				CLANG_WARN_RANGE_LOOP_ANALYSIS = YES;
				CLANG_WARN_STRICT_PROTOTYPES = YES;
				CLANG_WARN_SUSPICIOUS_MOVE = YES;
				CLANG_WARN_UNGUARDED_AVAILABILITY = YES_AGGRESSIVE;
				CLANG_WARN_UNREACHABLE_CODE = YES;
				CLANG_WARN__DUPLICATE_METHOD_MATCH = YES;
				COPY_PHASE_STRIP = NO;
				DEBUG_INFORMATION_FORMAT = "dwarf-with-dsym";
				ENABLE_NS_ASSERTIONS = NO;
				ENABLE_STRICT_OBJC_MSGSEND = YES;
				GCC_C_LANGUAGE_STANDARD = gnu11;
				GCC_NO_COMMON_BLOCKS = YES;
				GCC_WARN_64_TO_32_BIT_CONVERSION = YES;
				GCC_WARN_ABOUT_RETURN_TYPE = YES_ERROR;
				GCC_WARN_UNDECLARED_SELECTOR = YES;
				GCC_WARN_UNINITIALIZED_AUTOS = YES_AGGRESSIVE;
				GCC_WARN_UNUSED_FUNCTION = YES;
				GCC_WARN_UNUSED_VARIABLE = YES;
				IPHONEOS_DEPLOYMENT_TARGET = 14.4;
				MTL_ENABLE_DEBUG_INFO = NO;
				MTL_FAST_MATH = YES;
				SDKROOT = iphoneos;
				SWIFT_COMPILATION_MODE = wholemodule;
				SWIFT_OPTIMIZATION_LEVEL = "-O";
				VALIDATE_PRODUCT = YES;
			};
			name = Release;
		};
		AB38F46626A7F5440025794A /* Debug */ = {
			isa = XCBuildConfiguration;
			buildSettings = {
				ASSETCATALOG_COMPILER_APPICON_NAME = AppIcon;
				ASSETCATALOG_COMPILER_GLOBAL_ACCENT_COLOR_NAME = AccentColor;
				CODE_SIGN_STYLE = Automatic;
				DEVELOPMENT_TEAM = 2KRRAMT3WK;
				INFOPLIST_FILE = CustomContactList/Info.plist;
				LD_RUNPATH_SEARCH_PATHS = (
					"$(inherited)",
					"@executable_path/Frameworks",
				);
				PRODUCT_BUNDLE_IDENTIFIER = com.neosoft.CustomContactList;
				PRODUCT_NAME = "$(TARGET_NAME)";
				SWIFT_VERSION = 5.0;
				TARGETED_DEVICE_FAMILY = 1;
			};
			name = Debug;
		};
		AB38F46726A7F5440025794A /* Release */ = {
			isa = XCBuildConfiguration;
			buildSettings = {
				ASSETCATALOG_COMPILER_APPICON_NAME = AppIcon;
				ASSETCATALOG_COMPILER_GLOBAL_ACCENT_COLOR_NAME = AccentColor;
				CODE_SIGN_STYLE = Automatic;
				DEVELOPMENT_TEAM = 2KRRAMT3WK;
				INFOPLIST_FILE = CustomContactList/Info.plist;
				LD_RUNPATH_SEARCH_PATHS = (
					"$(inherited)",
					"@executable_path/Frameworks",
				);
				PRODUCT_BUNDLE_IDENTIFIER = com.neosoft.CustomContactList;
				PRODUCT_NAME = "$(TARGET_NAME)";
				SWIFT_VERSION = 5.0;
				TARGETED_DEVICE_FAMILY = 1;
			};
			name = Release;
		};
/* End XCBuildConfiguration section */

/* Begin XCConfigurationList section */
		AB38F44C26A7F5420025794A /* Build configuration list for PBXProject "CustomContactList" */ = {
			isa = XCConfigurationList;
			buildConfigurations = (
				AB38F46326A7F5440025794A /* Debug */,
				AB38F46426A7F5440025794A /* Release */,
			);
			defaultConfigurationIsVisible = 0;
			defaultConfigurationName = Release;
		};
		AB38F46526A7F5440025794A /* Build configuration list for PBXNativeTarget "CustomContactList" */ = {
			isa = XCConfigurationList;
			buildConfigurations = (
				AB38F46626A7F5440025794A /* Debug */,
				AB38F46726A7F5440025794A /* Release */,
			);
			defaultConfigurationIsVisible = 0;
			defaultConfigurationName = Release;
		};
/* End XCConfigurationList section */
	};
	rootObject = AB38F44926A7F5420025794A /* Project object */;
}
